
Microsoft Visual Studio Solution File, Format Version 12.00
# Visual Studio 2015
Project("{FAE04EC0-301F-11D3-BF4B-00C04F79EFBC}") = "Jahrein vs wtcNN2.Plugins", "Jahrein vs wtcNN2.Plugins.csproj", "{BBDCB91C-0273-383B-91ED-9F5AB12A7F1B}"
EndProject
Project("{FAE04EC0-301F-11D3-BF4B-00C04F79EFBC}") = "Jahrein vs wtcNN2", "Jahrein vs wtcNN2.csproj", "{5002FCDF-974E-0D3E-24A6-69C9122190BF}"
EndProject
Project("{FAE04EC0-301F-11D3-BF4B-00C04F79EFBC}") = "Jahrein vs wtcNN2.Editor", "Jahrein vs wtcNN2.Editor.csproj", "{515A49BA-980E-FC8D-D429-75B5495BB473}"
EndProject
Global
	GlobalSection(SolutionConfigurationPlatforms) = preSolution
		Debug|Any CPU = Debug|Any CPU
		Release|Any CPU = Release|Any CPU
	EndGlobalSection
	GlobalSection(ProjectConfigurationPlatforms) = postSolution
		{BBDCB91C-0273-383B-91ED-9F5AB12A7F1B}.Debug|Any CPU.ActiveCfg = Debug|Any CPU
		{BBDCB91C-0273-383B-91ED-9F5AB12A7F1B}.Debug|Any CPU.Build.0 = Debug|Any CPU
		{BBDCB91C-0273-383B-91ED-9F5AB12A7F1B}.Release|Any CPU.ActiveCfg = Release|Any CPU
		{BBDCB91C-0273-383B-91ED-9F5AB12A7F1B}.Release|Any CPU.Build.0 = Release|Any CPU
		{5002FCDF-974E-0D3E-24A6-69C9122190BF}.Debug|Any CPU.ActiveCfg = Debug|Any CPU
		{5002FCDF-974E-0D3E-24A6-69C9122190BF}.Debug|Any CPU.Build.0 = Debug|Any CPU
		{5002FCDF-974E-0D3E-24A6-69C9122190BF}.Release|Any CPU.ActiveCfg = Release|Any CPU
		{5002FCDF-974E-0D3E-24A6-69C9122190BF}.Release|Any CPU.Build.0 = Release|Any CPU
		{515A49BA-980E-FC8D-D429-75B5495BB473}.Debug|Any CPU.ActiveCfg = Debug|Any CPU
		{515A49BA-980E-FC8D-D429-75B5495BB473}.Debug|Any CPU.Build.0 = Debug|Any CPU
		{515A49BA-980E-FC8D-D429-75B5495BB473}.Release|Any CPU.ActiveCfg = Release|Any CPU
		{515A49BA-980E-FC8D-D429-75B5495BB473}.Release|Any CPU.Build.0 = Release|Any CPU
	EndGlobalSection
	GlobalSection(SolutionProperties) = preSolution
		HideSolutionNode = FALSE
	EndGlobalSection
EndGlobal
